
Microsoft Visual Studio Solution File, Format Version 12.00
# Visual Studio Version 16
VisualStudioVersion = 16.0.28803.452
MinimumVisualStudioVersion = 10.0.40219.1
Project("{2150E333-8FDC-42A3-9474-1A3956D46DE8}") = "01_Data", "01_Data", "{D4FC2A31-4B0F-4E02-B1FD-2AB62643BA67}"
EndProject
Project("{2150E333-8FDC-42A3-9474-1A3956D46DE8}") = "02_Services", "02_Services", "{8CA2F52C-6F97-4032-8861-3D56A5DE0E78}"
EndProject
Project("{2150E333-8FDC-42A3-9474-1A3956D46DE8}") = "03_App", "03_App", "{0B9836DD-BF3E-4810-A646-6290E4918CF7}"
EndProject
Project("{9A19103F-16F7-4668-BE54-9A1E7A4F7556}") = "OMM.Data", "01_Data\OMM.Data\OMM.Data.csproj", "{20FFEA08-3008-4C7E-9713-6870A56A9A40}"
EndProject
Project("{9A19103F-16F7-4668-BE54-9A1E7A4F7556}") = "OMM.Domain", "01_Data\OMM.Domain\OMM.Domain.csproj", "{73DB513A-E0AD-482C-B93A-A433C851D757}"
EndProject
Project("{9A19103F-16F7-4668-BE54-9A1E7A4F7556}") = "OMM.App", "03_App\OMM.App\OMM.App.csproj", "{5C79B685-B1FB-4B06-93FB-3FD6A4BE84F6}"
EndProject
Project("{FAE04EC0-301F-11D3-BF4B-00C04F79EFBC}") = "OMM.Services.AutoMapper", "02_Services\OMM.Services.AutoMapper\OMM.Services.AutoMapper.csproj", "{4586AEB7-AA94-4053-91B7-E977123647E7}"
EndProject
Project("{FAE04EC0-301F-11D3-BF4B-00C04F79EFBC}") = "OMM.Services.Data", "02_Services\OMM.Services.Data\OMM.Services.Data.csproj", "{6802BFED-E439-47A5-AAD1-2A462DB3FCED}"
EndProject
Project("{FAE04EC0-301F-11D3-BF4B-00C04F79EFBC}") = "OMM.App.Infrastructure", "03_App\OMM.App.Infrastructure\OMM.App.Infrastructure.csproj", "{085A8227-EB15-497F-8FBA-1D0D00B5D21D}"
EndProject
Global
	GlobalSection(SolutionConfigurationPlatforms) = preSolution
		Debug|Any CPU = Debug|Any CPU
		Release|Any CPU = Release|Any CPU
	EndGlobalSection
	GlobalSection(ProjectConfigurationPlatforms) = postSolution
		{20FFEA08-3008-4C7E-9713-6870A56A9A40}.Debug|Any CPU.ActiveCfg = Debug|Any CPU
		{20FFEA08-3008-4C7E-9713-6870A56A9A40}.Debug|Any CPU.Build.0 = Debug|Any CPU
		{20FFEA08-3008-4C7E-9713-6870A56A9A40}.Release|Any CPU.ActiveCfg = Release|Any CPU
		{20FFEA08-3008-4C7E-9713-6870A56A9A40}.Release|Any CPU.Build.0 = Release|Any CPU
		{73DB513A-E0AD-482C-B93A-A433C851D757}.Debug|Any CPU.ActiveCfg = Debug|Any CPU
		{73DB513A-E0AD-482C-B93A-A433C851D757}.Debug|Any CPU.Build.0 = Debug|Any CPU
		{73DB513A-E0AD-482C-B93A-A433C851D757}.Release|Any CPU.ActiveCfg = Release|Any CPU
		{73DB513A-E0AD-482C-B93A-A433C851D757}.Release|Any CPU.Build.0 = Release|Any CPU
		{5C79B685-B1FB-4B06-93FB-3FD6A4BE84F6}.Debug|Any CPU.ActiveCfg = Debug|Any CPU
		{5C79B685-B1FB-4B06-93FB-3FD6A4BE84F6}.Debug|Any CPU.Build.0 = Debug|Any CPU
		{5C79B685-B1FB-4B06-93FB-3FD6A4BE84F6}.Release|Any CPU.ActiveCfg = Release|Any CPU
		{5C79B685-B1FB-4B06-93FB-3FD6A4BE84F6}.Release|Any CPU.Build.0 = Release|Any CPU
		{4586AEB7-AA94-4053-91B7-E977123647E7}.Debug|Any CPU.ActiveCfg = Debug|Any CPU
		{4586AEB7-AA94-4053-91B7-E977123647E7}.Debug|Any CPU.Build.0 = Debug|Any CPU
		{4586AEB7-AA94-4053-91B7-E977123647E7}.Release|Any CPU.ActiveCfg = Release|Any CPU
		{4586AEB7-AA94-4053-91B7-E977123647E7}.Release|Any CPU.Build.0 = Release|Any CPU
		{6802BFED-E439-47A5-AAD1-2A462DB3FCED}.Debug|Any CPU.ActiveCfg = Debug|Any CPU
		{6802BFED-E439-47A5-AAD1-2A462DB3FCED}.Debug|Any CPU.Build.0 = Debug|Any CPU
		{6802BFED-E439-47A5-AAD1-2A462DB3FCED}.Release|Any CPU.ActiveCfg = Release|Any CPU
		{6802BFED-E439-47A5-AAD1-2A462DB3FCED}.Release|Any CPU.Build.0 = Release|Any CPU
		{085A8227-EB15-497F-8FBA-1D0D00B5D21D}.Debug|Any CPU.ActiveCfg = Debug|Any CPU
		{085A8227-EB15-497F-8FBA-1D0D00B5D21D}.Debug|Any CPU.Build.0 = Debug|Any CPU
		{085A8227-EB15-497F-8FBA-1D0D00B5D21D}.Release|Any CPU.ActiveCfg = Release|Any CPU
		{085A8227-EB15-497F-8FBA-1D0D00B5D21D}.Release|Any CPU.Build.0 = Release|Any CPU
	EndGlobalSection
	GlobalSection(SolutionProperties) = preSolution
		HideSolutionNode = FALSE
	EndGlobalSection
	GlobalSection(NestedProjects) = preSolution
		{20FFEA08-3008-4C7E-9713-6870A56A9A40} = {D4FC2A31-4B0F-4E02-B1FD-2AB62643BA67}
		{73DB513A-E0AD-482C-B93A-A433C851D757} = {D4FC2A31-4B0F-4E02-B1FD-2AB62643BA67}
		{5C79B685-B1FB-4B06-93FB-3FD6A4BE84F6} = {0B9836DD-BF3E-4810-A646-6290E4918CF7}
		{4586AEB7-AA94-4053-91B7-E977123647E7} = {8CA2F52C-6F97-4032-8861-3D56A5DE0E78}
		{6802BFED-E439-47A5-AAD1-2A462DB3FCED} = {8CA2F52C-6F97-4032-8861-3D56A5DE0E78}
		{085A8227-EB15-497F-8FBA-1D0D00B5D21D} = {0B9836DD-BF3E-4810-A646-6290E4918CF7}
	EndGlobalSection
	GlobalSection(ExtensibilityGlobals) = postSolution
		SolutionGuid = {AFA94DCB-DD4C-4BD5-AC07-584A43E0117C}
	EndGlobalSection
EndGlobal
